
Microsoft Visual Studio Solution File, Format Version 12.00
# Visual Studio Version 16
VisualStudioVersion = 16.0.31702.278
MinimumVisualStudioVersion = 10.0.40219.1
Project("{FAE04EC0-301F-11D3-BF4B-00C04F79EFBC}") = "20 sep 2021 Extra2 Joris Wulms", "20 sep 2021 Extra2 Joris Wulms.csproj", "{0275475C-3E12-46A9-86E7-C49826CFA734}"
EndProject
Global
	GlobalSection(SolutionConfigurationPlatforms) = preSolution
		Debug|Any CPU = Debug|Any CPU
		Release|Any CPU = Release|Any CPU
	EndGlobalSection
	GlobalSection(ProjectConfigurationPlatforms) = postSolution
		{0275475C-3E12-46A9-86E7-C49826CFA734}.Debug|Any CPU.ActiveCfg = Debug|Any CPU
		{0275475C-3E12-46A9-86E7-C49826CFA734}.Debug|Any CPU.Build.0 = Debug|Any CPU
		{0275475C-3E12-46A9-86E7-C49826CFA734}.Release|Any CPU.ActiveCfg = Release|Any CPU
		{0275475C-3E12-46A9-86E7-C49826CFA734}.Release|Any CPU.Build.0 = Release|Any CPU
	EndGlobalSection
	GlobalSection(SolutionProperties) = preSolution
		HideSolutionNode = FALSE
	EndGlobalSection
	GlobalSection(ExtensibilityGlobals) = postSolution
		SolutionGuid = {B83E1A8A-4F63-4B8E-97A2-BF7FF597BAA2}
	EndGlobalSection
EndGlobal
