
Microsoft Visual Studio Solution File, Format Version 12.00
# Visual Studio Version 17
VisualStudioVersion = 17.3.32825.248
MinimumVisualStudioVersion = 10.0.40219.1
Project("{FAE04EC0-301F-11D3-BF4B-00C04F79EFBC}") = "WpfAppWeek3Inleveropdracht", "WpfAppWeek3Inleveropdracht\WpfAppWeek3Inleveropdracht.csproj", "{5E34DA74-03E9-4B29-A03C-4C0D5ED09DDF}"
EndProject
Global
	GlobalSection(SolutionConfigurationPlatforms) = preSolution
		Debug|Any CPU = Debug|Any CPU
		Release|Any CPU = Release|Any CPU
	EndGlobalSection
	GlobalSection(ProjectConfigurationPlatforms) = postSolution
		{5E34DA74-03E9-4B29-A03C-4C0D5ED09DDF}.Debug|Any CPU.ActiveCfg = Debug|Any CPU
		{5E34DA74-03E9-4B29-A03C-4C0D5ED09DDF}.Debug|Any CPU.Build.0 = Debug|Any CPU
		{5E34DA74-03E9-4B29-A03C-4C0D5ED09DDF}.Release|Any CPU.ActiveCfg = Release|Any CPU
		{5E34DA74-03E9-4B29-A03C-4C0D5ED09DDF}.Release|Any CPU.Build.0 = Release|Any CPU
	EndGlobalSection
	GlobalSection(SolutionProperties) = preSolution
		HideSolutionNode = FALSE
	EndGlobalSection
	GlobalSection(ExtensibilityGlobals) = postSolution
		SolutionGuid = {E6011147-DFFE-420A-A40C-560D8031D5CD}
	EndGlobalSection
EndGlobal
