
Microsoft Visual Studio Solution File, Format Version 12.00
# Visual Studio Version 16
VisualStudioVersion = 16.0.31702.278
MinimumVisualStudioVersion = 10.0.40219.1
Project("{FAE04EC0-301F-11D3-BF4B-00C04F79EFBC}") = "WpfAppSimpleCalculator", "WpfAppSimpleCalculator\WpfAppSimpleCalculator.csproj", "{57DBE71E-4306-4F89-8997-DF3E5AED2E60}"
EndProject
Global
	GlobalSection(SolutionConfigurationPlatforms) = preSolution
		Debug|Any CPU = Debug|Any CPU
		Release|Any CPU = Release|Any CPU
	EndGlobalSection
	GlobalSection(ProjectConfigurationPlatforms) = postSolution
		{57DBE71E-4306-4F89-8997-DF3E5AED2E60}.Debug|Any CPU.ActiveCfg = Debug|Any CPU
		{57DBE71E-4306-4F89-8997-DF3E5AED2E60}.Debug|Any CPU.Build.0 = Debug|Any CPU
		{57DBE71E-4306-4F89-8997-DF3E5AED2E60}.Release|Any CPU.ActiveCfg = Release|Any CPU
		{57DBE71E-4306-4F89-8997-DF3E5AED2E60}.Release|Any CPU.Build.0 = Release|Any CPU
	EndGlobalSection
	GlobalSection(SolutionProperties) = preSolution
		HideSolutionNode = FALSE
	EndGlobalSection
	GlobalSection(ExtensibilityGlobals) = postSolution
		SolutionGuid = {767CC961-A30A-42AC-B82A-4A255DEEBDC1}
	EndGlobalSection
EndGlobal
