
Microsoft Visual Studio Solution File, Format Version 12.00
# Visual Studio Version 16
VisualStudioVersion = 16.0.31702.278
MinimumVisualStudioVersion = 10.0.40219.1
Project("{FAE04EC0-301F-11D3-BF4B-00C04F79EFBC}") = "23 sep 2021 oefening GUI1", "23 sep 2021 oefening GUI1\23 sep 2021 oefening GUI1.csproj", "{1CFB1F94-7703-47E1-8E45-FF290B3BB10B}"
EndProject
Global
	GlobalSection(SolutionConfigurationPlatforms) = preSolution
		Debug|Any CPU = Debug|Any CPU
		Release|Any CPU = Release|Any CPU
	EndGlobalSection
	GlobalSection(ProjectConfigurationPlatforms) = postSolution
		{1CFB1F94-7703-47E1-8E45-FF290B3BB10B}.Debug|Any CPU.ActiveCfg = Debug|Any CPU
		{1CFB1F94-7703-47E1-8E45-FF290B3BB10B}.Debug|Any CPU.Build.0 = Debug|Any CPU
		{1CFB1F94-7703-47E1-8E45-FF290B3BB10B}.Release|Any CPU.ActiveCfg = Release|Any CPU
		{1CFB1F94-7703-47E1-8E45-FF290B3BB10B}.Release|Any CPU.Build.0 = Release|Any CPU
	EndGlobalSection
	GlobalSection(SolutionProperties) = preSolution
		HideSolutionNode = FALSE
	EndGlobalSection
	GlobalSection(ExtensibilityGlobals) = postSolution
		SolutionGuid = {D1160019-EF2C-48AB-BB44-2A1B4635432D}
	EndGlobalSection
EndGlobal
