
Microsoft Visual Studio Solution File, Format Version 12.00
# Visual Studio Version 16
VisualStudioVersion = 16.0.31702.278
MinimumVisualStudioVersion = 10.0.40219.1
Project("{FAE04EC0-301F-11D3-BF4B-00C04F79EFBC}") = "for statement", "for statement.csproj", "{2FC3F3B0-123A-4A66-B2E8-E1443ED6B67D}"
EndProject
Global
	GlobalSection(SolutionConfigurationPlatforms) = preSolution
		Debug|Any CPU = Debug|Any CPU
		Release|Any CPU = Release|Any CPU
	EndGlobalSection
	GlobalSection(ProjectConfigurationPlatforms) = postSolution
		{2FC3F3B0-123A-4A66-B2E8-E1443ED6B67D}.Debug|Any CPU.ActiveCfg = Debug|Any CPU
		{2FC3F3B0-123A-4A66-B2E8-E1443ED6B67D}.Debug|Any CPU.Build.0 = Debug|Any CPU
		{2FC3F3B0-123A-4A66-B2E8-E1443ED6B67D}.Release|Any CPU.ActiveCfg = Release|Any CPU
		{2FC3F3B0-123A-4A66-B2E8-E1443ED6B67D}.Release|Any CPU.Build.0 = Release|Any CPU
	EndGlobalSection
	GlobalSection(SolutionProperties) = preSolution
		HideSolutionNode = FALSE
	EndGlobalSection
	GlobalSection(ExtensibilityGlobals) = postSolution
		SolutionGuid = {3B379EA5-B3A6-48E9-9A7C-B2FE3F6E737C}
	EndGlobalSection
EndGlobal
