
Microsoft Visual Studio Solution File, Format Version 12.00
# Visual Studio Version 17
VisualStudioVersion = 17.4.33110.190
MinimumVisualStudioVersion = 10.0.40219.1
Project("{FAE04EC0-301F-11D3-BF4B-00C04F79EFBC}") = "MyZoo", "MyZoo\MyZoo.csproj", "{86FD5958-7CFD-45C3-A540-590D401C9FDD}"
EndProject
Global
	GlobalSection(SolutionConfigurationPlatforms) = preSolution
		Debug|Any CPU = Debug|Any CPU
		Release|Any CPU = Release|Any CPU
	EndGlobalSection
	GlobalSection(ProjectConfigurationPlatforms) = postSolution
		{86FD5958-7CFD-45C3-A540-590D401C9FDD}.Debug|Any CPU.ActiveCfg = Debug|Any CPU
		{86FD5958-7CFD-45C3-A540-590D401C9FDD}.Debug|Any CPU.Build.0 = Debug|Any CPU
		{86FD5958-7CFD-45C3-A540-590D401C9FDD}.Release|Any CPU.ActiveCfg = Release|Any CPU
		{86FD5958-7CFD-45C3-A540-590D401C9FDD}.Release|Any CPU.Build.0 = Release|Any CPU
	EndGlobalSection
	GlobalSection(SolutionProperties) = preSolution
		HideSolutionNode = FALSE
	EndGlobalSection
	GlobalSection(ExtensibilityGlobals) = postSolution
		SolutionGuid = {A54C0B00-629E-4E9C-8CEA-3EFC128A754C}
	EndGlobalSection
EndGlobal
