
Microsoft Visual Studio Solution File, Format Version 12.00
# Visual Studio Version 16
VisualStudioVersion = 16.0.31702.278
MinimumVisualStudioVersion = 10.0.40219.1
Project("{FAE04EC0-301F-11D3-BF4B-00C04F79EFBC}") = "Eerste desktop project", "Eerste desktop project\Eerste desktop project.csproj", "{BEF02D0B-7BB2-4A82-A662-F877F5687383}"
EndProject
Global
	GlobalSection(SolutionConfigurationPlatforms) = preSolution
		Debug|Any CPU = Debug|Any CPU
		Release|Any CPU = Release|Any CPU
	EndGlobalSection
	GlobalSection(ProjectConfigurationPlatforms) = postSolution
		{BEF02D0B-7BB2-4A82-A662-F877F5687383}.Debug|Any CPU.ActiveCfg = Debug|Any CPU
		{BEF02D0B-7BB2-4A82-A662-F877F5687383}.Debug|Any CPU.Build.0 = Debug|Any CPU
		{BEF02D0B-7BB2-4A82-A662-F877F5687383}.Release|Any CPU.ActiveCfg = Release|Any CPU
		{BEF02D0B-7BB2-4A82-A662-F877F5687383}.Release|Any CPU.Build.0 = Release|Any CPU
	EndGlobalSection
	GlobalSection(SolutionProperties) = preSolution
		HideSolutionNode = FALSE
	EndGlobalSection
	GlobalSection(ExtensibilityGlobals) = postSolution
		SolutionGuid = {AFED7DCC-AF26-4731-AFA9-65A1A629F4C8}
	EndGlobalSection
EndGlobal
