
Microsoft Visual Studio Solution File, Format Version 12.00
# Visual Studio Version 16
VisualStudioVersion = 16.0.31702.278
MinimumVisualStudioVersion = 10.0.40219.1
Project("{FAE04EC0-301F-11D3-BF4B-00C04F79EFBC}") = "Booleans", "Booleans.csproj", "{F6E0AB04-5E8F-4F65-ABBE-E5FA730D1654}"
EndProject
Global
	GlobalSection(SolutionConfigurationPlatforms) = preSolution
		Debug|Any CPU = Debug|Any CPU
		Release|Any CPU = Release|Any CPU
	EndGlobalSection
	GlobalSection(ProjectConfigurationPlatforms) = postSolution
		{F6E0AB04-5E8F-4F65-ABBE-E5FA730D1654}.Debug|Any CPU.ActiveCfg = Debug|Any CPU
		{F6E0AB04-5E8F-4F65-ABBE-E5FA730D1654}.Debug|Any CPU.Build.0 = Debug|Any CPU
		{F6E0AB04-5E8F-4F65-ABBE-E5FA730D1654}.Release|Any CPU.ActiveCfg = Release|Any CPU
		{F6E0AB04-5E8F-4F65-ABBE-E5FA730D1654}.Release|Any CPU.Build.0 = Release|Any CPU
	EndGlobalSection
	GlobalSection(SolutionProperties) = preSolution
		HideSolutionNode = FALSE
	EndGlobalSection
	GlobalSection(ExtensibilityGlobals) = postSolution
		SolutionGuid = {67DA8029-38CB-4AE4-803D-342FAC146B73}
	EndGlobalSection
EndGlobal
