
Microsoft Visual Studio Solution File, Format Version 12.00
# Visual Studio Version 17
VisualStudioVersion = 17.3.32825.248
MinimumVisualStudioVersion = 10.0.40219.1
Project("{FAE04EC0-301F-11D3-BF4B-00C04F79EFBC}") = "WpfAppOpdracht3Week3", "WpfAppOpdracht3Week3\WpfAppOpdracht3Week3.csproj", "{2BB9BE77-CE98-43D5-803F-42D702790566}"
EndProject
Global
	GlobalSection(SolutionConfigurationPlatforms) = preSolution
		Debug|Any CPU = Debug|Any CPU
		Release|Any CPU = Release|Any CPU
	EndGlobalSection
	GlobalSection(ProjectConfigurationPlatforms) = postSolution
		{2BB9BE77-CE98-43D5-803F-42D702790566}.Debug|Any CPU.ActiveCfg = Debug|Any CPU
		{2BB9BE77-CE98-43D5-803F-42D702790566}.Debug|Any CPU.Build.0 = Debug|Any CPU
		{2BB9BE77-CE98-43D5-803F-42D702790566}.Release|Any CPU.ActiveCfg = Release|Any CPU
		{2BB9BE77-CE98-43D5-803F-42D702790566}.Release|Any CPU.Build.0 = Release|Any CPU
	EndGlobalSection
	GlobalSection(SolutionProperties) = preSolution
		HideSolutionNode = FALSE
	EndGlobalSection
	GlobalSection(ExtensibilityGlobals) = postSolution
		SolutionGuid = {73B8F0CD-C160-4159-A552-6AD2CAE86D38}
	EndGlobalSection
EndGlobal
