
Microsoft Visual Studio Solution File, Format Version 12.00
# Visual Studio Version 16
VisualStudioVersion = 16.0.31702.278
MinimumVisualStudioVersion = 10.0.40219.1
Project("{FAE04EC0-301F-11D3-BF4B-00C04F79EFBC}") = "Extra opdracht dispatcherTimer en SecondScreen", "Extra opdracht dispatcherTimer en SecondScreen.csproj", "{090523A4-0500-4789-A550-304C130954D1}"
EndProject
Global
	GlobalSection(SolutionConfigurationPlatforms) = preSolution
		Debug|Any CPU = Debug|Any CPU
		Release|Any CPU = Release|Any CPU
	EndGlobalSection
	GlobalSection(ProjectConfigurationPlatforms) = postSolution
		{090523A4-0500-4789-A550-304C130954D1}.Debug|Any CPU.ActiveCfg = Debug|Any CPU
		{090523A4-0500-4789-A550-304C130954D1}.Debug|Any CPU.Build.0 = Debug|Any CPU
		{090523A4-0500-4789-A550-304C130954D1}.Release|Any CPU.ActiveCfg = Release|Any CPU
		{090523A4-0500-4789-A550-304C130954D1}.Release|Any CPU.Build.0 = Release|Any CPU
	EndGlobalSection
	GlobalSection(SolutionProperties) = preSolution
		HideSolutionNode = FALSE
	EndGlobalSection
	GlobalSection(ExtensibilityGlobals) = postSolution
		SolutionGuid = {456BB118-2677-4EFE-B10D-825E4E89AB55}
	EndGlobalSection
EndGlobal
